{
  "name": "literal-http-status-example",
  "version": "1.0.0",
  "lockfileVersion": 3,
  "requires": true,
  "packages": {
    "": {
      "name": "literal-http-status-example",
      "version": "1.0.0",
      "license": "MIT",
      "dependencies": {
        "literal-http-status": "^1.0.2"
      }
    },
    "node_modules/literal-http-status": {
      "version": "1.0.2",
      "resolved": "https://registry.npmjs.org/literal-http-status/-/literal-http-status-1.0.2.tgz",
      "integrity": "sha512-gIO9slyQ4eXNMiIoITjOQrnCW9fycPaD5AXQ1xZTIe+/sHlvlEorpEyuWGXp4sW7sr3yqYcOY2VGSft0DQeY3A=="
    }
  }
}
